// !$*UTF8*$!
{
	archiveVersion = 1;
	classes = {
	};
	objectVersion = 50;
	objects = {

/* Begin PBXBuildFile section */
		7820AEE8A782A7BB75D4A40D /* Pods_RxSwift_Test.framework in Frameworks */ = {isa = PBXBuildFile; fileRef = DD96621CD08D2F2C1AE7A247 /* Pods_RxSwift_Test.framework */; };
		8D840DBA2408F7FA00D79B02 /* AppDelegate.swift in Sources */ = {isa = PBXBuildFile; fileRef = 8D840DB92408F7FA00D79B02 /* AppDelegate.swift */; };
		8D840DC32408F7FC00D79B02 /* Assets.xcassets in Resources */ = {isa = PBXBuildFile; fileRef = 8D840DC22408F7FC00D79B02 /* Assets.xcassets */; };
		8D840DC62408F7FC00D79B02 /* LaunchScreen.storyboard in Resources */ = {isa = PBXBuildFile; fileRef = 8D840DC42408F7FC00D79B02 /* LaunchScreen.storyboard */; };
		8D840DD12408FC2900D79B02 /* LoginViewModel.swift in Sources */ = {isa = PBXBuildFile; fileRef = 8D840DD02408FC2900D79B02 /* LoginViewModel.swift */; };
		8D840DD3240926BD00D79B02 /* NetworkService.swift in Sources */ = {isa = PBXBuildFile; fileRef = 8D840DD2240926BD00D79B02 /* NetworkService.swift */; };
		8D840DD524092B8800D79B02 /* LoginView.xib in Resources */ = {isa = PBXBuildFile; fileRef = 8D840DD424092B8800D79B02 /* LoginView.xib */; };
		8D840DD72409421A00D79B02 /* LoginView.swift in Sources */ = {isa = PBXBuildFile; fileRef = 8D840DD62409421A00D79B02 /* LoginView.swift */; };
		8D840DDA24094B3100D79B02 /* AuthCoordinator.swift in Sources */ = {isa = PBXBuildFile; fileRef = 8D840DD924094B3100D79B02 /* AuthCoordinator.swift */; };
		8D840DDD24094C3500D79B02 /* ModuleFactory.swift in Sources */ = {isa = PBXBuildFile; fileRef = 8D840DDC24094C3500D79B02 /* ModuleFactory.swift */; };
		8D840DE1240C1CCB00D79B02 /* BaseCoordinator.swift in Sources */ = {isa = PBXBuildFile; fileRef = 8D840DE0240C1CCB00D79B02 /* BaseCoordinator.swift */; };
		8D840DE3240C1E6100D79B02 /* AppCoordinator.swift in Sources */ = {isa = PBXBuildFile; fileRef = 8D840DE2240C1E6100D79B02 /* AppCoordinator.swift */; };
		8D840DE6240C1EA700D79B02 /* Router.swift in Sources */ = {isa = PBXBuildFile; fileRef = 8D840DE5240C1EA700D79B02 /* Router.swift */; };
		8D840DEA240CE16D00D79B02 /* UIColor+AppColors.swift in Sources */ = {isa = PBXBuildFile; fileRef = 8D840DE9240CE16D00D79B02 /* UIColor+AppColors.swift */; };
		8D840DEF240CFE6700D79B02 /* AuthErrors.swift in Sources */ = {isa = PBXBuildFile; fileRef = 8D840DEE240CFE6700D79B02 /* AuthErrors.swift */; };
		8D840DF3240D01DC00D79B02 /* ErrorSwowing.swift in Sources */ = {isa = PBXBuildFile; fileRef = 8D840DF2240D01DC00D79B02 /* ErrorSwowing.swift */; };
		8DCE33CD240E324E0009A7D2 /* RegisterViewModel.swift in Sources */ = {isa = PBXBuildFile; fileRef = 8DCE33CC240E324E0009A7D2 /* RegisterViewModel.swift */; };
		8DCE33D1240E343C0009A7D2 /* BaseViewModel.swift in Sources */ = {isa = PBXBuildFile; fileRef = 8DCE33D0240E343C0009A7D2 /* BaseViewModel.swift */; };
		8DCE33D3240E36CF0009A7D2 /* RegisterView.swift in Sources */ = {isa = PBXBuildFile; fileRef = 8DCE33D2240E36CF0009A7D2 /* RegisterView.swift */; };
		8DCE33D6240E3D150009A7D2 /* AuthService.swift in Sources */ = {isa = PBXBuildFile; fileRef = 8DCE33D5240E3D150009A7D2 /* AuthService.swift */; };
		8DCE33D8240E4CF70009A7D2 /* RegisterView.xib in Resources */ = {isa = PBXBuildFile; fileRef = 8DCE33D7240E4CF70009A7D2 /* RegisterView.xib */; };
/* End PBXBuildFile section */

/* Begin PBXFileReference section */
		8D840DB62408F7FA00D79B02 /* RxSwift Test.app */ = {isa = PBXFileReference; explicitFileType = wrapper.application; includeInIndex = 0; path = "RxSwift Test.app"; sourceTree = BUILT_PRODUCTS_DIR; };
		8D840DB92408F7FA00D79B02 /* AppDelegate.swift */ = {isa = PBXFileReference; lastKnownFileType = sourcecode.swift; path = AppDelegate.swift; sourceTree = "<group>"; };
		8D840DC22408F7FC00D79B02 /* Assets.xcassets */ = {isa = PBXFileReference; lastKnownFileType = folder.assetcatalog; path = Assets.xcassets; sourceTree = "<group>"; };
		8D840DC52408F7FC00D79B02 /* Base */ = {isa = PBXFileReference; lastKnownFileType = file.storyboard; name = Base; path = Base.lproj/LaunchScreen.storyboard; sourceTree = "<group>"; };
		8D840DC72408F7FC00D79B02 /* Info.plist */ = {isa = PBXFileReference; lastKnownFileType = text.plist.xml; path = Info.plist; sourceTree = "<group>"; };
		8D840DD02408FC2900D79B02 /* LoginViewModel.swift */ = {isa = PBXFileReference; lastKnownFileType = sourcecode.swift; path = LoginViewModel.swift; sourceTree = "<group>"; };
		8D840DD2240926BD00D79B02 /* NetworkService.swift */ = {isa = PBXFileReference; lastKnownFileType = sourcecode.swift; path = NetworkService.swift; sourceTree = "<group>"; };
		8D840DD424092B8800D79B02 /* LoginView.xib */ = {isa = PBXFileReference; lastKnownFileType = file.xib; path = LoginView.xib; sourceTree = "<group>"; };
		8D840DD62409421A00D79B02 /* LoginView.swift */ = {isa = PBXFileReference; lastKnownFileType = sourcecode.swift; path = LoginView.swift; sourceTree = "<group>"; };
		8D840DD924094B3100D79B02 /* AuthCoordinator.swift */ = {isa = PBXFileReference; lastKnownFileType = sourcecode.swift; path = AuthCoordinator.swift; sourceTree = "<group>"; };
		8D840DDC24094C3500D79B02 /* ModuleFactory.swift */ = {isa = PBXFileReference; lastKnownFileType = sourcecode.swift; path = ModuleFactory.swift; sourceTree = "<group>"; };
		8D840DE0240C1CCB00D79B02 /* BaseCoordinator.swift */ = {isa = PBXFileReference; lastKnownFileType = sourcecode.swift; path = BaseCoordinator.swift; sourceTree = "<group>"; };
		8D840DE2240C1E6100D79B02 /* AppCoordinator.swift */ = {isa = PBXFileReference; lastKnownFileType = sourcecode.swift; path = AppCoordinator.swift; sourceTree = "<group>"; };
		8D840DE5240C1EA700D79B02 /* Router.swift */ = {isa = PBXFileReference; lastKnownFileType = sourcecode.swift; path = Router.swift; sourceTree = "<group>"; };
		8D840DE9240CE16D00D79B02 /* UIColor+AppColors.swift */ = {isa = PBXFileReference; lastKnownFileType = sourcecode.swift; path = "UIColor+AppColors.swift"; sourceTree = "<group>"; };
		8D840DEE240CFE6700D79B02 /* AuthErrors.swift */ = {isa = PBXFileReference; lastKnownFileType = sourcecode.swift; path = AuthErrors.swift; sourceTree = "<group>"; };
		8D840DF2240D01DC00D79B02 /* ErrorSwowing.swift */ = {isa = PBXFileReference; lastKnownFileType = sourcecode.swift; path = ErrorSwowing.swift; sourceTree = "<group>"; };
		8DCE33CC240E324E0009A7D2 /* RegisterViewModel.swift */ = {isa = PBXFileReference; lastKnownFileType = sourcecode.swift; path = RegisterViewModel.swift; sourceTree = "<group>"; };
		8DCE33D0240E343C0009A7D2 /* BaseViewModel.swift */ = {isa = PBXFileReference; lastKnownFileType = sourcecode.swift; path = BaseViewModel.swift; sourceTree = "<group>"; };
		8DCE33D2240E36CF0009A7D2 /* RegisterView.swift */ = {isa = PBXFileReference; lastKnownFileType = sourcecode.swift; path = RegisterView.swift; sourceTree = "<group>"; };
		8DCE33D5240E3D150009A7D2 /* AuthService.swift */ = {isa = PBXFileReference; lastKnownFileType = sourcecode.swift; path = AuthService.swift; sourceTree = "<group>"; };
		8DCE33D7240E4CF70009A7D2 /* RegisterView.xib */ = {isa = PBXFileReference; lastKnownFileType = file.xib; path = RegisterView.xib; sourceTree = "<group>"; };
		BB7F4D6D40F24876D24F6805 /* Pods-RxSwift Test.debug.xcconfig */ = {isa = PBXFileReference; includeInIndex = 1; lastKnownFileType = text.xcconfig; name = "Pods-RxSwift Test.debug.xcconfig"; path = "Target Support Files/Pods-RxSwift Test/Pods-RxSwift Test.debug.xcconfig"; sourceTree = "<group>"; };
		DD96621CD08D2F2C1AE7A247 /* Pods_RxSwift_Test.framework */ = {isa = PBXFileReference; explicitFileType = wrapper.framework; includeInIndex = 0; path = Pods_RxSwift_Test.framework; sourceTree = BUILT_PRODUCTS_DIR; };
		F8D4440BC5DD86D16040112C /* Pods-RxSwift Test.release.xcconfig */ = {isa = PBXFileReference; includeInIndex = 1; lastKnownFileType = text.xcconfig; name = "Pods-RxSwift Test.release.xcconfig"; path = "Target Support Files/Pods-RxSwift Test/Pods-RxSwift Test.release.xcconfig"; sourceTree = "<group>"; };
/* End PBXFileReference section */

/* Begin PBXFrameworksBuildPhase section */
		8D840DB32408F7FA00D79B02 /* Frameworks */ = {
			isa = PBXFrameworksBuildPhase;
			buildActionMask = 2147483647;
			files = (
				7820AEE8A782A7BB75D4A40D /* Pods_RxSwift_Test.framework in Frameworks */,
			);
			runOnlyForDeploymentPostprocessing = 0;
		};
/* End PBXFrameworksBuildPhase section */

/* Begin PBXGroup section */
		8D840DAD2408F7FA00D79B02 = {
			isa = PBXGroup;
			children = (
				8D840DB82408F7FA00D79B02 /* RxSwift Test */,
				8D840DB72408F7FA00D79B02 /* Products */,
				9B3E718AA427809243172DB1 /* Pods */,
				9F2D43E33F61EA354451B5FD /* Frameworks */,
			);
			sourceTree = "<group>";
		};
		8D840DB72408F7FA00D79B02 /* Products */ = {
			isa = PBXGroup;
			children = (
				8D840DB62408F7FA00D79B02 /* RxSwift Test.app */,
			);
			name = Products;
			sourceTree = "<group>";
		};
		8D840DB82408F7FA00D79B02 /* RxSwift Test */ = {
			isa = PBXGroup;
			children = (
				8D840DDE240C1C8700D79B02 /* Application */,
				8D840DCD2408FBDB00D79B02 /* Flows */,
				8D840DF0240D015D00D79B02 /* Helpers */,
				8D840DC22408F7FC00D79B02 /* Assets.xcassets */,
				8D840DC42408F7FC00D79B02 /* LaunchScreen.storyboard */,
				8D840DC72408F7FC00D79B02 /* Info.plist */,
			);
			path = "RxSwift Test";
			sourceTree = "<group>";
		};
		8D840DCD2408FBDB00D79B02 /* Flows */ = {
			isa = PBXGroup;
			children = (
				8D840DCE2408FBE500D79B02 /* Auth */,
			);
			path = Flows;
			sourceTree = "<group>";
		};
		8D840DCE2408FBE500D79B02 /* Auth */ = {
			isa = PBXGroup;
			children = (
				8D840DD924094B3100D79B02 /* AuthCoordinator.swift */,
				8D840DEE240CFE6700D79B02 /* AuthErrors.swift */,
				8DCE33CA240E32180009A7D2 /* Modules */,
				8DCE33D4240E3CDE0009A7D2 /* Services */,
			);
			path = Auth;
			sourceTree = "<group>";
		};
		8D840DCF2408FBEE00D79B02 /* Login */ = {
			isa = PBXGroup;
			children = (
				8D840DD02408FC2900D79B02 /* LoginViewModel.swift */,
				8D840DD424092B8800D79B02 /* LoginView.xib */,
				8D840DD62409421A00D79B02 /* LoginView.swift */,
			);
			path = Login;
			sourceTree = "<group>";
		};
		8D840DD82409446700D79B02 /* Services */ = {
			isa = PBXGroup;
			children = (
				8D840DD2240926BD00D79B02 /* NetworkService.swift */,
			);
			path = Services;
			sourceTree = "<group>";
		};
		8D840DDB24094BFA00D79B02 /* Factories */ = {
			isa = PBXGroup;
			children = (
				8D840DDC24094C3500D79B02 /* ModuleFactory.swift */,
			);
			path = Factories;
			sourceTree = "<group>";
		};
		8D840DDE240C1C8700D79B02 /* Application */ = {
			isa = PBXGroup;
			children = (
				8D840DB92408F7FA00D79B02 /* AppDelegate.swift */,
				8D840DE2240C1E6100D79B02 /* AppCoordinator.swift */,
			);
			path = Application;
			sourceTree = "<group>";
		};
		8D840DDF240C1CB100D79B02 /* Base */ = {
			isa = PBXGroup;
			children = (
				8D840DE0240C1CCB00D79B02 /* BaseCoordinator.swift */,
				8DCE33D0240E343C0009A7D2 /* BaseViewModel.swift */,
			);
			path = Base;
			sourceTree = "<group>";
		};
		8D840DE4240C1E9300D79B02 /* Router */ = {
			isa = PBXGroup;
			children = (
				8D840DE5240C1EA700D79B02 /* Router.swift */,
			);
			path = Router;
			sourceTree = "<group>";
		};
		8D840DE8240CE14B00D79B02 /* Utils */ = {
			isa = PBXGroup;
			children = (
				8D840DE9240CE16D00D79B02 /* UIColor+AppColors.swift */,
			);
			path = Utils;
			sourceTree = "<group>";
		};
		8D840DEB240CF74600D79B02 /* Classes */ = {
			isa = PBXGroup;
			children = (
			);
			path = Classes;
			sourceTree = "<group>";
		};
		8D840DF0240D015D00D79B02 /* Helpers */ = {
			isa = PBXGroup;
			children = (
				8D840DF1240D019500D79B02 /* Protocols */,
				8D840DDB24094BFA00D79B02 /* Factories */,
				8D840DD82409446700D79B02 /* Services */,
				8D840DE4240C1E9300D79B02 /* Router */,
				8D840DDF240C1CB100D79B02 /* Base */,
				8D840DEB240CF74600D79B02 /* Classes */,
				8D840DE8240CE14B00D79B02 /* Utils */,
			);
			path = Helpers;
			sourceTree = "<group>";
		};
		8D840DF1240D019500D79B02 /* Protocols */ = {
			isa = PBXGroup;
			children = (
				8D840DF2240D01DC00D79B02 /* ErrorSwowing.swift */,
			);
			path = Protocols;
			sourceTree = "<group>";
		};
		8DCE33CA240E32180009A7D2 /* Modules */ = {
			isa = PBXGroup;
			children = (
				8D840DCF2408FBEE00D79B02 /* Login */,
				8DCE33CB240E32360009A7D2 /* Register */,
			);
			path = Modules;
			sourceTree = "<group>";
		};
		8DCE33CB240E32360009A7D2 /* Register */ = {
			isa = PBXGroup;
			children = (
				8DCE33CC240E324E0009A7D2 /* RegisterViewModel.swift */,
				8DCE33D2240E36CF0009A7D2 /* RegisterView.swift */,
				8DCE33D7240E4CF70009A7D2 /* RegisterView.xib */,
			);
			path = Register;
			sourceTree = "<group>";
		};
		8DCE33D4240E3CDE0009A7D2 /* Services */ = {
			isa = PBXGroup;
			children = (
				8DCE33D5240E3D150009A7D2 /* AuthService.swift */,
			);
			path = Services;
			sourceTree = "<group>";
		};
		9B3E718AA427809243172DB1 /* Pods */ = {
			isa = PBXGroup;
			children = (
				BB7F4D6D40F24876D24F6805 /* Pods-RxSwift Test.debug.xcconfig */,
				F8D4440BC5DD86D16040112C /* Pods-RxSwift Test.release.xcconfig */,
			);
			path = Pods;
			sourceTree = "<group>";
		};
		9F2D43E33F61EA354451B5FD /* Frameworks */ = {
			isa = PBXGroup;
			children = (
				DD96621CD08D2F2C1AE7A247 /* Pods_RxSwift_Test.framework */,
			);
			name = Frameworks;
			sourceTree = "<group>";
		};
/* End PBXGroup section */

/* Begin PBXNativeTarget section */
		8D840DB52408F7FA00D79B02 /* RxSwift Test */ = {
			isa = PBXNativeTarget;
			buildConfigurationList = 8D840DCA2408F7FC00D79B02 /* Build configuration list for PBXNativeTarget "RxSwift Test" */;
			buildPhases = (
				C57C4056017C7A0FBDBD2D70 /* [CP] Check Pods Manifest.lock */,
				8D840DB22408F7FA00D79B02 /* Sources */,
				8D840DB32408F7FA00D79B02 /* Frameworks */,
				8D840DB42408F7FA00D79B02 /* Resources */,
				98AA59C2DADD02F951B89FA8 /* [CP] Embed Pods Frameworks */,
			);
			buildRules = (
			);
			dependencies = (
			);
			name = "RxSwift Test";
			productName = "RxSwift Test";
			productReference = 8D840DB62408F7FA00D79B02 /* RxSwift Test.app */;
			productType = "com.apple.product-type.application";
		};
/* End PBXNativeTarget section */

/* Begin PBXProject section */
		8D840DAE2408F7FA00D79B02 /* Project object */ = {
			isa = PBXProject;
			attributes = {
				LastSwiftUpdateCheck = 1130;
				LastUpgradeCheck = 1130;
				ORGANIZATIONNAME = "Максим Деханов";
				TargetAttributes = {
					8D840DB52408F7FA00D79B02 = {
						CreatedOnToolsVersion = 11.3;
					};
				};
			};
			buildConfigurationList = 8D840DB12408F7FA00D79B02 /* Build configuration list for PBXProject "RxSwift Test" */;
			compatibilityVersion = "Xcode 9.3";
			developmentRegion = en;
			hasScannedForEncodings = 0;
			knownRegions = (
				en,
				Base,
			);
			mainGroup = 8D840DAD2408F7FA00D79B02;
			productRefGroup = 8D840DB72408F7FA00D79B02 /* Products */;
			projectDirPath = "";
			projectRoot = "";
			targets = (
				8D840DB52408F7FA00D79B02 /* RxSwift Test */,
			);
		};
/* End PBXProject section */

/* Begin PBXResourcesBuildPhase section */
		8D840DB42408F7FA00D79B02 /* Resources */ = {
			isa = PBXResourcesBuildPhase;
			buildActionMask = 2147483647;
			files = (
				8D840DD524092B8800D79B02 /* LoginView.xib in Resources */,
				8DCE33D8240E4CF70009A7D2 /* RegisterView.xib in Resources */,
				8D840DC62408F7FC00D79B02 /* LaunchScreen.storyboard in Resources */,
				8D840DC32408F7FC00D79B02 /* Assets.xcassets in Resources */,
			);
			runOnlyForDeploymentPostprocessing = 0;
		};
/* End PBXResourcesBuildPhase section */

/* Begin PBXShellScriptBuildPhase section */
		98AA59C2DADD02F951B89FA8 /* [CP] Embed Pods Frameworks */ = {
			isa = PBXShellScriptBuildPhase;
			buildActionMask = 2147483647;
			files = (
			);
			inputFileListPaths = (
			);
			inputPaths = (
				"${PODS_ROOT}/Target Support Files/Pods-RxSwift Test/Pods-RxSwift Test-frameworks.sh",
				"${BUILT_PRODUCTS_DIR}/RxCocoa/RxCocoa.framework",
				"${BUILT_PRODUCTS_DIR}/RxRelay/RxRelay.framework",
				"${BUILT_PRODUCTS_DIR}/RxSwift/RxSwift.framework",
			);
			name = "[CP] Embed Pods Frameworks";
			outputFileListPaths = (
			);
			outputPaths = (
				"${TARGET_BUILD_DIR}/${FRAMEWORKS_FOLDER_PATH}/RxCocoa.framework",
				"${TARGET_BUILD_DIR}/${FRAMEWORKS_FOLDER_PATH}/RxRelay.framework",
				"${TARGET_BUILD_DIR}/${FRAMEWORKS_FOLDER_PATH}/RxSwift.framework",
			);
			runOnlyForDeploymentPostprocessing = 0;
			shellPath = /bin/sh;
			shellScript = "\"${PODS_ROOT}/Target Support Files/Pods-RxSwift Test/Pods-RxSwift Test-frameworks.sh\"\n";
			showEnvVarsInLog = 0;
		};
		C57C4056017C7A0FBDBD2D70 /* [CP] Check Pods Manifest.lock */ = {
			isa = PBXShellScriptBuildPhase;
			buildActionMask = 2147483647;
			files = (
			);
			inputFileListPaths = (
			);
			inputPaths = (
				"${PODS_PODFILE_DIR_PATH}/Podfile.lock",
				"${PODS_ROOT}/Manifest.lock",
			);
			name = "[CP] Check Pods Manifest.lock";
			outputFileListPaths = (
			);
			outputPaths = (
				"$(DERIVED_FILE_DIR)/Pods-RxSwift Test-checkManifestLockResult.txt",
			);
			runOnlyForDeploymentPostprocessing = 0;
			shellPath = /bin/sh;
			shellScript = "diff \"${PODS_PODFILE_DIR_PATH}/Podfile.lock\" \"${PODS_ROOT}/Manifest.lock\" > /dev/null\nif [ $? != 0 ] ; then\n    # print error to STDERR\n    echo \"error: The sandbox is not in sync with the Podfile.lock. Run 'pod install' or update your CocoaPods installation.\" >&2\n    exit 1\nfi\n# This output is used by Xcode 'outputs' to avoid re-running this script phase.\necho \"SUCCESS\" > \"${SCRIPT_OUTPUT_FILE_0}\"\n";
			showEnvVarsInLog = 0;
		};
/* End PBXShellScriptBuildPhase section */

/* Begin PBXSourcesBuildPhase section */
		8D840DB22408F7FA00D79B02 /* Sources */ = {
			isa = PBXSourcesBuildPhase;
			buildActionMask = 2147483647;
			files = (
				8D840DDA24094B3100D79B02 /* AuthCoordinator.swift in Sources */,
				8D840DEA240CE16D00D79B02 /* UIColor+AppColors.swift in Sources */,
				8D840DD12408FC2900D79B02 /* LoginViewModel.swift in Sources */,
				8DCE33D1240E343C0009A7D2 /* BaseViewModel.swift in Sources */,
				8D840DDD24094C3500D79B02 /* ModuleFactory.swift in Sources */,
				8D840DBA2408F7FA00D79B02 /* AppDelegate.swift in Sources */,
				8DCE33D3240E36CF0009A7D2 /* RegisterView.swift in Sources */,
				8D840DE6240C1EA700D79B02 /* Router.swift in Sources */,
				8D840DE3240C1E6100D79B02 /* AppCoordinator.swift in Sources */,
				8D840DEF240CFE6700D79B02 /* AuthErrors.swift in Sources */,
				8DCE33CD240E324E0009A7D2 /* RegisterViewModel.swift in Sources */,
				8D840DE1240C1CCB00D79B02 /* BaseCoordinator.swift in Sources */,
				8D840DF3240D01DC00D79B02 /* ErrorSwowing.swift in Sources */,
				8D840DD72409421A00D79B02 /* LoginView.swift in Sources */,
				8D840DD3240926BD00D79B02 /* NetworkService.swift in Sources */,
				8DCE33D6240E3D150009A7D2 /* AuthService.swift in Sources */,
			);
			runOnlyForDeploymentPostprocessing = 0;
		};
/* End PBXSourcesBuildPhase section */

/* Begin PBXVariantGroup section */
		8D840DC42408F7FC00D79B02 /* LaunchScreen.storyboard */ = {
			isa = PBXVariantGroup;
			children = (
				8D840DC52408F7FC00D79B02 /* Base */,
			);
			name = LaunchScreen.storyboard;
			sourceTree = "<group>";
		};
/* End PBXVariantGroup section */

/* Begin XCBuildConfiguration section */
		8D840DC82408F7FC00D79B02 /* Debug */ = {
			isa = XCBuildConfiguration;
			buildSettings = {
				ALWAYS_SEARCH_USER_PATHS = NO;
				CLANG_ANALYZER_NONNULL = YES;
				CLANG_ANALYZER_NUMBER_OBJECT_CONVERSION = YES_AGGRESSIVE;
				CLANG_CXX_LANGUAGE_STANDARD = "gnu++14";
				CLANG_CXX_LIBRARY = "libc++";
				CLANG_ENABLE_MODULES = YES;
				CLANG_ENABLE_OBJC_ARC = YES;
				CLANG_ENABLE_OBJC_WEAK = YES;
				CLANG_WARN_BLOCK_CAPTURE_AUTORELEASING = YES;
				CLANG_WARN_BOOL_CONVERSION = YES;
				CLANG_WARN_COMMA = YES;
				CLANG_WARN_CONSTANT_CONVERSION = YES;
				CLANG_WARN_DEPRECATED_OBJC_IMPLEMENTATIONS = YES;
				CLANG_WARN_DIRECT_OBJC_ISA_USAGE = YES_ERROR;
				CLANG_WARN_DOCUMENTATION_COMMENTS = YES;
				CLANG_WARN_EMPTY_BODY = YES;
				CLANG_WARN_ENUM_CONVERSION = YES;
				CLANG_WARN_INFINITE_RECURSION = YES;
				CLANG_WARN_INT_CONVERSION = YES;
				CLANG_WARN_NON_LITERAL_NULL_CONVERSION = YES;
				CLANG_WARN_OBJC_IMPLICIT_RETAIN_SELF = YES;
				CLANG_WARN_OBJC_LITERAL_CONVERSION = YES;
				CLANG_WARN_OBJC_ROOT_CLASS = YES_ERROR;
				CLANG_WARN_RANGE_LOOP_ANALYSIS = YES;
				CLANG_WARN_STRICT_PROTOTYPES = YES;
				CLANG_WARN_SUSPICIOUS_MOVE = YES;
				CLANG_WARN_UNGUARDED_AVAILABILITY = YES_AGGRESSIVE;
				CLANG_WARN_UNREACHABLE_CODE = YES;
				CLANG_WARN__DUPLICATE_METHOD_MATCH = YES;
				COPY_PHASE_STRIP = NO;
				DEBUG_INFORMATION_FORMAT = dwarf;
				ENABLE_STRICT_OBJC_MSGSEND = YES;
				ENABLE_TESTABILITY = YES;
				GCC_C_LANGUAGE_STANDARD = gnu11;
				GCC_DYNAMIC_NO_PIC = NO;
				GCC_NO_COMMON_BLOCKS = YES;
				GCC_OPTIMIZATION_LEVEL = 0;
				GCC_PREPROCESSOR_DEFINITIONS = (
					"DEBUG=1",
					"$(inherited)",
				);
				GCC_WARN_64_TO_32_BIT_CONVERSION = YES;
				GCC_WARN_ABOUT_RETURN_TYPE = YES_ERROR;
				GCC_WARN_UNDECLARED_SELECTOR = YES;
				GCC_WARN_UNINITIALIZED_AUTOS = YES_AGGRESSIVE;
				GCC_WARN_UNUSED_FUNCTION = YES;
				GCC_WARN_UNUSED_VARIABLE = YES;
				IPHONEOS_DEPLOYMENT_TARGET = 13.2;
				MTL_ENABLE_DEBUG_INFO = INCLUDE_SOURCE;
				MTL_FAST_MATH = YES;
				ONLY_ACTIVE_ARCH = YES;
				SDKROOT = iphoneos;
				SWIFT_ACTIVE_COMPILATION_CONDITIONS = DEBUG;
				SWIFT_OPTIMIZATION_LEVEL = "-Onone";
			};
			name = Debug;
		};
		8D840DC92408F7FC00D79B02 /* Release */ = {
			isa = XCBuildConfiguration;
			buildSettings = {
				ALWAYS_SEARCH_USER_PATHS = NO;
				CLANG_ANALYZER_NONNULL = YES;
				CLANG_ANALYZER_NUMBER_OBJECT_CONVERSION = YES_AGGRESSIVE;
				CLANG_CXX_LANGUAGE_STANDARD = "gnu++14";
				CLANG_CXX_LIBRARY = "libc++";
				CLANG_ENABLE_MODULES = YES;
				CLANG_ENABLE_OBJC_ARC = YES;
				CLANG_ENABLE_OBJC_WEAK = YES;
				CLANG_WARN_BLOCK_CAPTURE_AUTORELEASING = YES;
				CLANG_WARN_BOOL_CONVERSION = YES;
				CLANG_WARN_COMMA = YES;
				CLANG_WARN_CONSTANT_CONVERSION = YES;
				CLANG_WARN_DEPRECATED_OBJC_IMPLEMENTATIONS = YES;
				CLANG_WARN_DIRECT_OBJC_ISA_USAGE = YES_ERROR;
				CLANG_WARN_DOCUMENTATION_COMMENTS = YES;
				CLANG_WARN_EMPTY_BODY = YES;
				CLANG_WARN_ENUM_CONVERSION = YES;
				CLANG_WARN_INFINITE_RECURSION = YES;
				CLANG_WARN_INT_CONVERSION = YES;
				CLANG_WARN_NON_LITERAL_NULL_CONVERSION = YES;
				CLANG_WARN_OBJC_IMPLICIT_RETAIN_SELF = YES;
				CLANG_WARN_OBJC_LITERAL_CONVERSION = YES;
				CLANG_WARN_OBJC_ROOT_CLASS = YES_ERROR;
				CLANG_WARN_RANGE_LOOP_ANALYSIS = YES;
				CLANG_WARN_STRICT_PROTOTYPES = YES;
				CLANG_WARN_SUSPICIOUS_MOVE = YES;
				CLANG_WARN_UNGUARDED_AVAILABILITY = YES_AGGRESSIVE;
				CLANG_WARN_UNREACHABLE_CODE = YES;
				CLANG_WARN__DUPLICATE_METHOD_MATCH = YES;
				COPY_PHASE_STRIP = NO;
				DEBUG_INFORMATION_FORMAT = "dwarf-with-dsym";
				ENABLE_NS_ASSERTIONS = NO;
				ENABLE_STRICT_OBJC_MSGSEND = YES;
				GCC_C_LANGUAGE_STANDARD = gnu11;
				GCC_NO_COMMON_BLOCKS = YES;
				GCC_WARN_64_TO_32_BIT_CONVERSION = YES;
				GCC_WARN_ABOUT_RETURN_TYPE = YES_ERROR;
				GCC_WARN_UNDECLARED_SELECTOR = YES;
				GCC_WARN_UNINITIALIZED_AUTOS = YES_AGGRESSIVE;
				GCC_WARN_UNUSED_FUNCTION = YES;
				GCC_WARN_UNUSED_VARIABLE = YES;
				IPHONEOS_DEPLOYMENT_TARGET = 13.2;
				MTL_ENABLE_DEBUG_INFO = NO;
				MTL_FAST_MATH = YES;
				SDKROOT = iphoneos;
				SWIFT_COMPILATION_MODE = wholemodule;
				SWIFT_OPTIMIZATION_LEVEL = "-O";
				VALIDATE_PRODUCT = YES;
			};
			name = Release;
		};
		8D840DCB2408F7FC00D79B02 /* Debug */ = {
			isa = XCBuildConfiguration;
			baseConfigurationReference = BB7F4D6D40F24876D24F6805 /* Pods-RxSwift Test.debug.xcconfig */;
			buildSettings = {
				ASSETCATALOG_COMPILER_APPICON_NAME = AppIcon;
				CODE_SIGN_STYLE = Automatic;
				DEVELOPMENT_TEAM = LZU28TF445;
				INFOPLIST_FILE = "RxSwift Test/Info.plist";
				LD_RUNPATH_SEARCH_PATHS = (
					"$(inherited)",
					"@executable_path/Frameworks",
				);
				PRODUCT_BUNDLE_IDENTIFIER = "MDCorp.RxSwift-Test";
				PRODUCT_NAME = "$(TARGET_NAME)";
				SWIFT_VERSION = 5.0;
				TARGETED_DEVICE_FAMILY = "1,2";
			};
			name = Debug;
		};
		8D840DCC2408F7FC00D79B02 /* Release */ = {
			isa = XCBuildConfiguration;
			baseConfigurationReference = F8D4440BC5DD86D16040112C /* Pods-RxSwift Test.release.xcconfig */;
			buildSettings = {
				ASSETCATALOG_COMPILER_APPICON_NAME = AppIcon;
				CODE_SIGN_STYLE = Automatic;
				DEVELOPMENT_TEAM = LZU28TF445;
				INFOPLIST_FILE = "RxSwift Test/Info.plist";
				LD_RUNPATH_SEARCH_PATHS = (
					"$(inherited)",
					"@executable_path/Frameworks",
				);
				PRODUCT_BUNDLE_IDENTIFIER = "MDCorp.RxSwift-Test";
				PRODUCT_NAME = "$(TARGET_NAME)";
				SWIFT_VERSION = 5.0;
				TARGETED_DEVICE_FAMILY = "1,2";
			};
			name = Release;
		};
/* End XCBuildConfiguration section */

/* Begin XCConfigurationList section */
		8D840DB12408F7FA00D79B02 /* Build configuration list for PBXProject "RxSwift Test" */ = {
			isa = XCConfigurationList;
			buildConfigurations = (
				8D840DC82408F7FC00D79B02 /* Debug */,
				8D840DC92408F7FC00D79B02 /* Release */,
			);
			defaultConfigurationIsVisible = 0;
			defaultConfigurationName = Release;
		};
		8D840DCA2408F7FC00D79B02 /* Build configuration list for PBXNativeTarget "RxSwift Test" */ = {
			isa = XCConfigurationList;
			buildConfigurations = (
				8D840DCB2408F7FC00D79B02 /* Debug */,
				8D840DCC2408F7FC00D79B02 /* Release */,
			);
			defaultConfigurationIsVisible = 0;
			defaultConfigurationName = Release;
		};
/* End XCConfigurationList section */
	};
	rootObject = 8D840DAE2408F7FA00D79B02 /* Project object */;
}
